// !$*UTF8*$!
{
	archiveVersion = 1;
	classes = {
	};
	objectVersion = 56;
	objects = {

/* Begin PBXBuildFile section */
		4315FB582985C61C00E891D7 /* ShasuApp.swift in Sources */ = {isa = PBXBuildFile; fileRef = 4315FB572985C61C00E891D7 /* ShasuApp.swift */; };
		4315FB5A2985C61C00E891D7 /* ContentView.swift in Sources */ = {isa = PBXBuildFile; fileRef = 4315FB592985C61C00E891D7 /* ContentView.swift */; };
		4315FB5C2985C61E00E891D7 /* Assets.xcassets in Resources */ = {isa = PBXBuildFile; fileRef = 4315FB5B2985C61E00E891D7 /* Assets.xcassets */; };
		4315FB5F2985C61E00E891D7 /* Preview Assets.xcassets in Resources */ = {isa = PBXBuildFile; fileRef = 4315FB5E2985C61E00E891D7 /* Preview Assets.xcassets */; };
		4315FB662985C66500E891D7 /* GoogleService-Info.plist in Resources */ = {isa = PBXBuildFile; fileRef = 4315FB652985C66500E891D7 /* GoogleService-Info.plist */; };
		4315FB692985C72C00E891D7 /* FirebaseAuth in Frameworks */ = {isa = PBXBuildFile; productRef = 4315FB682985C72C00E891D7 /* FirebaseAuth */; };
		4315FB6F2985C79F00E891D7 /* LoginView.swift in Sources */ = {isa = PBXBuildFile; fileRef = 4315FB6E2985C79F00E891D7 /* LoginView.swift */; };
		431D8D822985E3EE00097EB6 /* FirebaseFirestore in Frameworks */ = {isa = PBXBuildFile; productRef = 431D8D812985E3EE00097EB6 /* FirebaseFirestore */; };
		431D8D842985E3EE00097EB6 /* FirebaseFirestoreSwift in Frameworks */ = {isa = PBXBuildFile; productRef = 431D8D832985E3EE00097EB6 /* FirebaseFirestoreSwift */; };
		431D8D862985E3EE00097EB6 /* FirebaseStorage in Frameworks */ = {isa = PBXBuildFile; productRef = 431D8D852985E3EE00097EB6 /* FirebaseStorage */; };
		431D8D882985E5FD00097EB6 /* User.swift in Sources */ = {isa = PBXBuildFile; fileRef = 431D8D872985E5FD00097EB6 /* User.swift */; };
		431D8D8A2985EBC000097EB6 /* LoadingView.swift in Sources */ = {isa = PBXBuildFile; fileRef = 431D8D892985EBC000097EB6 /* LoadingView.swift */; };
/* End PBXBuildFile section */

/* Begin PBXFileReference section */
		4315FB542985C61C00E891D7 /* Shasu.app */ = {isa = PBXFileReference; explicitFileType = wrapper.application; includeInIndex = 0; path = Shasu.app; sourceTree = BUILT_PRODUCTS_DIR; };
		4315FB572985C61C00E891D7 /* ShasuApp.swift */ = {isa = PBXFileReference; lastKnownFileType = sourcecode.swift; path = ShasuApp.swift; sourceTree = "<group>"; };
		4315FB592985C61C00E891D7 /* ContentView.swift */ = {isa = PBXFileReference; lastKnownFileType = sourcecode.swift; path = ContentView.swift; sourceTree = "<group>"; };
		4315FB5B2985C61E00E891D7 /* Assets.xcassets */ = {isa = PBXFileReference; lastKnownFileType = folder.assetcatalog; path = Assets.xcassets; sourceTree = "<group>"; };
		4315FB5E2985C61E00E891D7 /* Preview Assets.xcassets */ = {isa = PBXFileReference; lastKnownFileType = folder.assetcatalog; path = "Preview Assets.xcassets"; sourceTree = "<group>"; };
		4315FB652985C66500E891D7 /* GoogleService-Info.plist */ = {isa = PBXFileReference; fileEncoding = 4; lastKnownFileType = text.plist.xml; path = "GoogleService-Info.plist"; sourceTree = "<group>"; };
		4315FB6E2985C79F00E891D7 /* LoginView.swift */ = {isa = PBXFileReference; lastKnownFileType = sourcecode.swift; path = LoginView.swift; sourceTree = "<group>"; };
		431D8D872985E5FD00097EB6 /* User.swift */ = {isa = PBXFileReference; lastKnownFileType = sourcecode.swift; path = User.swift; sourceTree = "<group>"; };
		431D8D892985EBC000097EB6 /* LoadingView.swift */ = {isa = PBXFileReference; lastKnownFileType = sourcecode.swift; path = LoadingView.swift; sourceTree = "<group>"; };
/* End PBXFileReference section */

/* Begin PBXFrameworksBuildPhase section */
		4315FB512985C61C00E891D7 /* Frameworks */ = {
			isa = PBXFrameworksBuildPhase;
			buildActionMask = 2147483647;
			files = (
				4315FB692985C72C00E891D7 /* FirebaseAuth in Frameworks */,
				431D8D862985E3EE00097EB6 /* FirebaseStorage in Frameworks */,
				431D8D822985E3EE00097EB6 /* FirebaseFirestore in Frameworks */,
				431D8D842985E3EE00097EB6 /* FirebaseFirestoreSwift in Frameworks */,
			);
			runOnlyForDeploymentPostprocessing = 0;
		};
/* End PBXFrameworksBuildPhase section */

/* Begin PBXGroup section */
		4315FB4B2985C61C00E891D7 = {
			isa = PBXGroup;
			children = (
				4315FB562985C61C00E891D7 /* Shasu */,
				4315FB552985C61C00E891D7 /* Products */,
				431D8D802985E3EE00097EB6 /* Frameworks */,
			);
			sourceTree = "<group>";
		};
		4315FB552985C61C00E891D7 /* Products */ = {
			isa = PBXGroup;
			children = (
				4315FB542985C61C00E891D7 /* Shasu.app */,
			);
			name = Products;
			sourceTree = "<group>";
		};
		4315FB562985C61C00E891D7 /* Shasu */ = {
			isa = PBXGroup;
			children = (
				4315FB6D2985C79000E891D7 /* Model */,
				4315FB6C2985C78A00E891D7 /* View */,
				4315FB572985C61C00E891D7 /* ShasuApp.swift */,
				4315FB592985C61C00E891D7 /* ContentView.swift */,
				4315FB5B2985C61E00E891D7 /* Assets.xcassets */,
				4315FB652985C66500E891D7 /* GoogleService-Info.plist */,
				4315FB5D2985C61E00E891D7 /* Preview Content */,
			);
			path = Shasu;
			sourceTree = "<group>";
		};
		4315FB5D2985C61E00E891D7 /* Preview Content */ = {
			isa = PBXGroup;
			children = (
				4315FB5E2985C61E00E891D7 /* Preview Assets.xcassets */,
			);
			path = "Preview Content";
			sourceTree = "<group>";
		};
		4315FB6C2985C78A00E891D7 /* View */ = {
			isa = PBXGroup;
			children = (
				4315FB6E2985C79F00E891D7 /* LoginView.swift */,
				431D8D892985EBC000097EB6 /* LoadingView.swift */,
			);
			path = View;
			sourceTree = "<group>";
		};
		4315FB6D2985C79000E891D7 /* Model */ = {
			isa = PBXGroup;
			children = (
				431D8D872985E5FD00097EB6 /* User.swift */,
			);
			path = Model;
			sourceTree = "<group>";
		};
		431D8D802985E3EE00097EB6 /* Frameworks */ = {
			isa = PBXGroup;
			children = (
			);
			name = Frameworks;
			sourceTree = "<group>";
		};
/* End PBXGroup section */

/* Begin PBXNativeTarget section */
		4315FB532985C61C00E891D7 /* Shasu */ = {
			isa = PBXNativeTarget;
			buildConfigurationList = 4315FB622985C61E00E891D7 /* Build configuration list for PBXNativeTarget "Shasu" */;
			buildPhases = (
				4315FB502985C61C00E891D7 /* Sources */,
				4315FB512985C61C00E891D7 /* Frameworks */,
				4315FB522985C61C00E891D7 /* Resources */,
			);
			buildRules = (
			);
			dependencies = (
			);
			name = Shasu;
			packageProductDependencies = (
				4315FB682985C72C00E891D7 /* FirebaseAuth */,
				431D8D812985E3EE00097EB6 /* FirebaseFirestore */,
				431D8D832985E3EE00097EB6 /* FirebaseFirestoreSwift */,
				431D8D852985E3EE00097EB6 /* FirebaseStorage */,
			);
			productName = Shasu;
			productReference = 4315FB542985C61C00E891D7 /* Shasu.app */;
			productType = "com.apple.product-type.application";
		};
/* End PBXNativeTarget section */

/* Begin PBXProject section */
		4315FB4C2985C61C00E891D7 /* Project object */ = {
			isa = PBXProject;
			attributes = {
				BuildIndependentTargetsInParallel = 1;
				LastSwiftUpdateCheck = 1420;
				LastUpgradeCheck = 1420;
				TargetAttributes = {
					4315FB532985C61C00E891D7 = {
						CreatedOnToolsVersion = 14.2;
					};
				};
			};
			buildConfigurationList = 4315FB4F2985C61C00E891D7 /* Build configuration list for PBXProject "Shasu" */;
			compatibilityVersion = "Xcode 14.0";
			developmentRegion = en;
			hasScannedForEncodings = 0;
			knownRegions = (
				en,
				Base,
			);
			mainGroup = 4315FB4B2985C61C00E891D7;
			packageReferences = (
				4315FB672985C72C00E891D7 /* XCRemoteSwiftPackageReference "firebase-ios-sdk" */,
			);
			productRefGroup = 4315FB552985C61C00E891D7 /* Products */;
			projectDirPath = "";
			projectRoot = "";
			targets = (
				4315FB532985C61C00E891D7 /* Shasu */,
			);
		};
/* End PBXProject section */

/* Begin PBXResourcesBuildPhase section */
		4315FB522985C61C00E891D7 /* Resources */ = {
			isa = PBXResourcesBuildPhase;
			buildActionMask = 2147483647;
			files = (
				4315FB5F2985C61E00E891D7 /* Preview Assets.xcassets in Resources */,
				4315FB5C2985C61E00E891D7 /* Assets.xcassets in Resources */,
				4315FB662985C66500E891D7 /* GoogleService-Info.plist in Resources */,
			);
			runOnlyForDeploymentPostprocessing = 0;
		};
/* End PBXResourcesBuildPhase section */

/* Begin PBXSourcesBuildPhase section */
		4315FB502985C61C00E891D7 /* Sources */ = {
			isa = PBXSourcesBuildPhase;
			buildActionMask = 2147483647;
			files = (
				431D8D882985E5FD00097EB6 /* User.swift in Sources */,
				4315FB6F2985C79F00E891D7 /* LoginView.swift in Sources */,
				4315FB5A2985C61C00E891D7 /* ContentView.swift in Sources */,
				431D8D8A2985EBC000097EB6 /* LoadingView.swift in Sources */,
				4315FB582985C61C00E891D7 /* ShasuApp.swift in Sources */,
			);
			runOnlyForDeploymentPostprocessing = 0;
		};
/* End PBXSourcesBuildPhase section */

/* Begin XCBuildConfiguration section */
		4315FB602985C61E00E891D7 /* Debug */ = {
			isa = XCBuildConfiguration;
			buildSettings = {
				ALWAYS_SEARCH_USER_PATHS = NO;
				CLANG_ANALYZER_NONNULL = YES;
				CLANG_ANALYZER_NUMBER_OBJECT_CONVERSION = YES_AGGRESSIVE;
				CLANG_CXX_LANGUAGE_STANDARD = "gnu++20";
				CLANG_ENABLE_MODULES = YES;
				CLANG_ENABLE_OBJC_ARC = YES;
				CLANG_ENABLE_OBJC_WEAK = YES;
				CLANG_WARN_BLOCK_CAPTURE_AUTORELEASING = YES;
				CLANG_WARN_BOOL_CONVERSION = YES;
				CLANG_WARN_COMMA = YES;
				CLANG_WARN_CONSTANT_CONVERSION = YES;
				CLANG_WARN_DEPRECATED_OBJC_IMPLEMENTATIONS = YES;
				CLANG_WARN_DIRECT_OBJC_ISA_USAGE = YES_ERROR;
				CLANG_WARN_DOCUMENTATION_COMMENTS = YES;
				CLANG_WARN_EMPTY_BODY = YES;
				CLANG_WARN_ENUM_CONVERSION = YES;
				CLANG_WARN_INFINITE_RECURSION = YES;
				CLANG_WARN_INT_CONVERSION = YES;
				CLANG_WARN_NON_LITERAL_NULL_CONVERSION = YES;
				CLANG_WARN_OBJC_IMPLICIT_RETAIN_SELF = YES;
				CLANG_WARN_OBJC_LITERAL_CONVERSION = YES;
				CLANG_WARN_OBJC_ROOT_CLASS = YES_ERROR;
				CLANG_WARN_QUOTED_INCLUDE_IN_FRAMEWORK_HEADER = YES;
				CLANG_WARN_RANGE_LOOP_ANALYSIS = YES;
				CLANG_WARN_STRICT_PROTOTYPES = YES;
				CLANG_WARN_SUSPICIOUS_MOVE = YES;
				CLANG_WARN_UNGUARDED_AVAILABILITY = YES_AGGRESSIVE;
				CLANG_WARN_UNREACHABLE_CODE = YES;
				CLANG_WARN__DUPLICATE_METHOD_MATCH = YES;
				COPY_PHASE_STRIP = NO;
				DEBUG_INFORMATION_FORMAT = dwarf;
				ENABLE_STRICT_OBJC_MSGSEND = YES;
				ENABLE_TESTABILITY = YES;
				GCC_C_LANGUAGE_STANDARD = gnu11;
				GCC_DYNAMIC_NO_PIC = NO;
				GCC_NO_COMMON_BLOCKS = YES;
				GCC_OPTIMIZATION_LEVEL = 0;
				GCC_PREPROCESSOR_DEFINITIONS = (
					"DEBUG=1",
					"$(inherited)",
				);
				GCC_WARN_64_TO_32_BIT_CONVERSION = YES;
				GCC_WARN_ABOUT_RETURN_TYPE = YES_ERROR;
				GCC_WARN_UNDECLARED_SELECTOR = YES;
				GCC_WARN_UNINITIALIZED_AUTOS = YES_AGGRESSIVE;
				GCC_WARN_UNUSED_FUNCTION = YES;
				GCC_WARN_UNUSED_VARIABLE = YES;
				IPHONEOS_DEPLOYMENT_TARGET = 16.2;
				MTL_ENABLE_DEBUG_INFO = INCLUDE_SOURCE;
				MTL_FAST_MATH = YES;
				ONLY_ACTIVE_ARCH = YES;
				SDKROOT = iphoneos;
				SWIFT_ACTIVE_COMPILATION_CONDITIONS = DEBUG;
				SWIFT_OPTIMIZATION_LEVEL = "-Onone";
			};
			name = Debug;
		};
		4315FB612985C61E00E891D7 /* Release */ = {
			isa = XCBuildConfiguration;
			buildSettings = {
				ALWAYS_SEARCH_USER_PATHS = NO;
				CLANG_ANALYZER_NONNULL = YES;
				CLANG_ANALYZER_NUMBER_OBJECT_CONVERSION = YES_AGGRESSIVE;
				CLANG_CXX_LANGUAGE_STANDARD = "gnu++20";
				CLANG_ENABLE_MODULES = YES;
				CLANG_ENABLE_OBJC_ARC = YES;
				CLANG_ENABLE_OBJC_WEAK = YES;
				CLANG_WARN_BLOCK_CAPTURE_AUTORELEASING = YES;
				CLANG_WARN_BOOL_CONVERSION = YES;
				CLANG_WARN_COMMA = YES;
				CLANG_WARN_CONSTANT_CONVERSION = YES;
				CLANG_WARN_DEPRECATED_OBJC_IMPLEMENTATIONS = YES;
				CLANG_WARN_DIRECT_OBJC_ISA_USAGE = YES_ERROR;
				CLANG_WARN_DOCUMENTATION_COMMENTS = YES;
				CLANG_WARN_EMPTY_BODY = YES;
				CLANG_WARN_ENUM_CONVERSION = YES;
				CLANG_WARN_INFINITE_RECURSION = YES;
				CLANG_WARN_INT_CONVERSION = YES;
				CLANG_WARN_NON_LITERAL_NULL_CONVERSION = YES;
				CLANG_WARN_OBJC_IMPLICIT_RETAIN_SELF = YES;
				CLANG_WARN_OBJC_LITERAL_CONVERSION = YES;
				CLANG_WARN_OBJC_ROOT_CLASS = YES_ERROR;
				CLANG_WARN_QUOTED_INCLUDE_IN_FRAMEWORK_HEADER = YES;
				CLANG_WARN_RANGE_LOOP_ANALYSIS = YES;
				CLANG_WARN_STRICT_PROTOTYPES = YES;
				CLANG_WARN_SUSPICIOUS_MOVE = YES;
				CLANG_WARN_UNGUARDED_AVAILABILITY = YES_AGGRESSIVE;
				CLANG_WARN_UNREACHABLE_CODE = YES;
				CLANG_WARN__DUPLICATE_METHOD_MATCH = YES;
				COPY_PHASE_STRIP = NO;
				DEBUG_INFORMATION_FORMAT = "dwarf-with-dsym";
				ENABLE_NS_ASSERTIONS = NO;
				ENABLE_STRICT_OBJC_MSGSEND = YES;
				GCC_C_LANGUAGE_STANDARD = gnu11;
				GCC_NO_COMMON_BLOCKS = YES;
				GCC_WARN_64_TO_32_BIT_CONVERSION = YES;
				GCC_WARN_ABOUT_RETURN_TYPE = YES_ERROR;
				GCC_WARN_UNDECLARED_SELECTOR = YES;
				GCC_WARN_UNINITIALIZED_AUTOS = YES_AGGRESSIVE;
				GCC_WARN_UNUSED_FUNCTION = YES;
				GCC_WARN_UNUSED_VARIABLE = YES;
				IPHONEOS_DEPLOYMENT_TARGET = 16.2;
				MTL_ENABLE_DEBUG_INFO = NO;
				MTL_FAST_MATH = YES;
				SDKROOT = iphoneos;
				SWIFT_COMPILATION_MODE = wholemodule;
				SWIFT_OPTIMIZATION_LEVEL = "-O";
				VALIDATE_PRODUCT = YES;
			};
			name = Release;
		};
		4315FB632985C61E00E891D7 /* Debug */ = {
			isa = XCBuildConfiguration;
			buildSettings = {
				ASSETCATALOG_COMPILER_APPICON_NAME = AppIcon;
				ASSETCATALOG_COMPILER_GLOBAL_ACCENT_COLOR_NAME = AccentColor;
				CODE_SIGN_STYLE = Automatic;
				CURRENT_PROJECT_VERSION = 1;
				DEVELOPMENT_ASSET_PATHS = "\"Shasu/Preview Content\"";
				DEVELOPMENT_TEAM = 8R7LYM727C;
				ENABLE_PREVIEWS = YES;
				GENERATE_INFOPLIST_FILE = YES;
				INFOPLIST_KEY_UIApplicationSceneManifest_Generation = YES;
				INFOPLIST_KEY_UIApplicationSupportsIndirectInputEvents = YES;
				INFOPLIST_KEY_UILaunchScreen_Generation = YES;
				INFOPLIST_KEY_UISupportedInterfaceOrientations_iPad = "UIInterfaceOrientationPortrait UIInterfaceOrientationPortraitUpsideDown UIInterfaceOrientationLandscapeLeft UIInterfaceOrientationLandscapeRight";
				INFOPLIST_KEY_UISupportedInterfaceOrientations_iPhone = "UIInterfaceOrientationPortrait UIInterfaceOrientationLandscapeLeft UIInterfaceOrientationLandscapeRight";
				LD_RUNPATH_SEARCH_PATHS = (
					"$(inherited)",
					"@executable_path/Frameworks",
				);
				MARKETING_VERSION = 1.0;
				PRODUCT_BUNDLE_IDENTIFIER = "Ali-Erdem-Ko-kcik.Shasu";
				PRODUCT_NAME = "$(TARGET_NAME)";
				SWIFT_EMIT_LOC_STRINGS = YES;
				SWIFT_VERSION = 5.0;
				TARGETED_DEVICE_FAMILY = "1,2";
			};
			name = Debug;
		};
		4315FB642985C61E00E891D7 /* Release */ = {
			isa = XCBuildConfiguration;
			buildSettings = {
				ASSETCATALOG_COMPILER_APPICON_NAME = AppIcon;
				ASSETCATALOG_COMPILER_GLOBAL_ACCENT_COLOR_NAME = AccentColor;
				CODE_SIGN_STYLE = Automatic;
				CURRENT_PROJECT_VERSION = 1;
				DEVELOPMENT_ASSET_PATHS = "\"Shasu/Preview Content\"";
				DEVELOPMENT_TEAM = 8R7LYM727C;
				ENABLE_PREVIEWS = YES;
				GENERATE_INFOPLIST_FILE = YES;
				INFOPLIST_KEY_UIApplicationSceneManifest_Generation = YES;
				INFOPLIST_KEY_UIApplicationSupportsIndirectInputEvents = YES;
				INFOPLIST_KEY_UILaunchScreen_Generation = YES;
				INFOPLIST_KEY_UISupportedInterfaceOrientations_iPad = "UIInterfaceOrientationPortrait UIInterfaceOrientationPortraitUpsideDown UIInterfaceOrientationLandscapeLeft UIInterfaceOrientationLandscapeRight";
				INFOPLIST_KEY_UISupportedInterfaceOrientations_iPhone = "UIInterfaceOrientationPortrait UIInterfaceOrientationLandscapeLeft UIInterfaceOrientationLandscapeRight";
				LD_RUNPATH_SEARCH_PATHS = (
					"$(inherited)",
					"@executable_path/Frameworks",
				);
				MARKETING_VERSION = 1.0;
				PRODUCT_BUNDLE_IDENTIFIER = "Ali-Erdem-Ko-kcik.Shasu";
				PRODUCT_NAME = "$(TARGET_NAME)";
				SWIFT_EMIT_LOC_STRINGS = YES;
				SWIFT_VERSION = 5.0;
				TARGETED_DEVICE_FAMILY = "1,2";
			};
			name = Release;
		};
/* End XCBuildConfiguration section */

/* Begin XCConfigurationList section */
		4315FB4F2985C61C00E891D7 /* Build configuration list for PBXProject "Shasu" */ = {
			isa = XCConfigurationList;
			buildConfigurations = (
				4315FB602985C61E00E891D7 /* Debug */,
				4315FB612985C61E00E891D7 /* Release */,
			);
			defaultConfigurationIsVisible = 0;
			defaultConfigurationName = Release;
		};
		4315FB622985C61E00E891D7 /* Build configuration list for PBXNativeTarget "Shasu" */ = {
			isa = XCConfigurationList;
			buildConfigurations = (
				4315FB632985C61E00E891D7 /* Debug */,
				4315FB642985C61E00E891D7 /* Release */,
			);
			defaultConfigurationIsVisible = 0;
			defaultConfigurationName = Release;
		};
/* End XCConfigurationList section */

/* Begin XCRemoteSwiftPackageReference section */
		4315FB672985C72C00E891D7 /* XCRemoteSwiftPackageReference "firebase-ios-sdk" */ = {
			isa = XCRemoteSwiftPackageReference;
			repositoryURL = "https://github.com/firebase/firebase-ios-sdk.git";
			requirement = {
				branch = master;
				kind = branch;
			};
		};
/* End XCRemoteSwiftPackageReference section */

/* Begin XCSwiftPackageProductDependency section */
		4315FB682985C72C00E891D7 /* FirebaseAuth */ = {
			isa = XCSwiftPackageProductDependency;
			package = 4315FB672985C72C00E891D7 /* XCRemoteSwiftPackageReference "firebase-ios-sdk" */;
			productName = FirebaseAuth;
		};
		431D8D812985E3EE00097EB6 /* FirebaseFirestore */ = {
			isa = XCSwiftPackageProductDependency;
			package = 4315FB672985C72C00E891D7 /* XCRemoteSwiftPackageReference "firebase-ios-sdk" */;
			productName = FirebaseFirestore;
		};
		431D8D832985E3EE00097EB6 /* FirebaseFirestoreSwift */ = {
			isa = XCSwiftPackageProductDependency;
			package = 4315FB672985C72C00E891D7 /* XCRemoteSwiftPackageReference "firebase-ios-sdk" */;
			productName = FirebaseFirestoreSwift;
		};
		431D8D852985E3EE00097EB6 /* FirebaseStorage */ = {
			isa = XCSwiftPackageProductDependency;
			package = 4315FB672985C72C00E891D7 /* XCRemoteSwiftPackageReference "firebase-ios-sdk" */;
			productName = FirebaseStorage;
		};
/* End XCSwiftPackageProductDependency section */
	};
	rootObject = 4315FB4C2985C61C00E891D7 /* Project object */;
}
